
Microsoft Visual Studio Solution File, Format Version 12.00
Project("{FAE04EC0-301F-11D3-BF4B-00C04F79EFBC}") = "AddingSQLite", "AddingSQLite\AddingSQLite.csproj", "{C2E320FB-256E-4B42-93EF-EF85B9948CC1}"
EndProject
Global
	GlobalSection(SolutionConfigurationPlatforms) = preSolution
		Debug|Any CPU = Debug|Any CPU
		Release|Any CPU = Release|Any CPU
	EndGlobalSection
	GlobalSection(ProjectConfigurationPlatforms) = postSolution
		{C2E320FB-256E-4B42-93EF-EF85B9948CC1}.Debug|Any CPU.ActiveCfg = Debug|Any CPU
		{C2E320FB-256E-4B42-93EF-EF85B9948CC1}.Debug|Any CPU.Build.0 = Debug|Any CPU
		{C2E320FB-256E-4B42-93EF-EF85B9948CC1}.Release|Any CPU.ActiveCfg = Release|Any CPU
		{C2E320FB-256E-4B42-93EF-EF85B9948CC1}.Release|Any CPU.Build.0 = Release|Any CPU
	EndGlobalSection
EndGlobal
