
Microsoft Visual Studio Solution File, Format Version 12.00
Project("{FAE04EC0-301F-11D3-BF4B-00C04F79EFBC}") = "ImageImageButton", "ImageImageButton\ImageImageButton.csproj", "{B979A3E5-13AA-480C-A1F7-27BFB9600FBA}"
EndProject
Global
	GlobalSection(SolutionConfigurationPlatforms) = preSolution
		Debug|Any CPU = Debug|Any CPU
		Release|Any CPU = Release|Any CPU
	EndGlobalSection
	GlobalSection(ProjectConfigurationPlatforms) = postSolution
		{B979A3E5-13AA-480C-A1F7-27BFB9600FBA}.Debug|Any CPU.ActiveCfg = Debug|Any CPU
		{B979A3E5-13AA-480C-A1F7-27BFB9600FBA}.Debug|Any CPU.Build.0 = Debug|Any CPU
		{B979A3E5-13AA-480C-A1F7-27BFB9600FBA}.Release|Any CPU.ActiveCfg = Release|Any CPU
		{B979A3E5-13AA-480C-A1F7-27BFB9600FBA}.Release|Any CPU.Build.0 = Release|Any CPU
	EndGlobalSection
EndGlobal
