
Microsoft Visual Studio Solution File, Format Version 12.00
# Visual Studio Version 17
VisualStudioVersion = 17.10.34902.84
MinimumVisualStudioVersion = 10.0.40219.1
Project("{9A19103F-16F7-4668-BE54-9A1E7A4F7556}") = "CollectionView", "CollectionView\CollectionView.csproj", "{F090BCCC-303B-43EF-A981-A4B3F3453C22}"
EndProject
Global
	GlobalSection(SolutionConfigurationPlatforms) = preSolution
		Debug|Any CPU = Debug|Any CPU
		Release|Any CPU = Release|Any CPU
	EndGlobalSection
	GlobalSection(ProjectConfigurationPlatforms) = postSolution
		{F090BCCC-303B-43EF-A981-A4B3F3453C22}.Debug|Any CPU.ActiveCfg = Debug|Any CPU
		{F090BCCC-303B-43EF-A981-A4B3F3453C22}.Debug|Any CPU.Build.0 = Debug|Any CPU
		{F090BCCC-303B-43EF-A981-A4B3F3453C22}.Debug|Any CPU.Deploy.0 = Debug|Any CPU
		{F090BCCC-303B-43EF-A981-A4B3F3453C22}.Release|Any CPU.ActiveCfg = Release|Any CPU
		{F090BCCC-303B-43EF-A981-A4B3F3453C22}.Release|Any CPU.Build.0 = Release|Any CPU
	EndGlobalSection
	GlobalSection(SolutionProperties) = preSolution
		HideSolutionNode = FALSE
	EndGlobalSection
EndGlobal
