
Microsoft Visual Studio Solution File, Format Version 12.00
Project("{FAE04EC0-301F-11D3-BF4B-00C04F79EFBC}") = "LoadingImages", "LoadingImages\LoadingImages.csproj", "{CCD3A91F-7C53-4C24-9A08-D97192B24E95}"
EndProject
Global
	GlobalSection(SolutionConfigurationPlatforms) = preSolution
		Debug|Any CPU = Debug|Any CPU
		Release|Any CPU = Release|Any CPU
	EndGlobalSection
	GlobalSection(ProjectConfigurationPlatforms) = postSolution
		{CCD3A91F-7C53-4C24-9A08-D97192B24E95}.Debug|Any CPU.ActiveCfg = Debug|Any CPU
		{CCD3A91F-7C53-4C24-9A08-D97192B24E95}.Debug|Any CPU.Build.0 = Debug|Any CPU
		{CCD3A91F-7C53-4C24-9A08-D97192B24E95}.Release|Any CPU.ActiveCfg = Release|Any CPU
		{CCD3A91F-7C53-4C24-9A08-D97192B24E95}.Release|Any CPU.Build.0 = Release|Any CPU
	EndGlobalSection
EndGlobal
